
Microsoft Visual Studio Solution File, Format Version 12.00
# Visual Studio Version 16
VisualStudioVersion = 16.0.28922.388
MinimumVisualStudioVersion = 10.0.40219.1
Project("{9A19103F-16F7-4668-BE54-9A1E7A4F7556}") = "LibraryMVC", "LibraryMVC.csproj", "{2FA28D62-6109-4618-BCB0-C437E8A2791A}"
EndProject
Global
	GlobalSection(SolutionConfigurationPlatforms) = preSolution
		Debug|Any CPU = Debug|Any CPU
		Release|Any CPU = Release|Any CPU
	EndGlobalSection
	GlobalSection(ProjectConfigurationPlatforms) = postSolution
		{2FA28D62-6109-4618-BCB0-C437E8A2791A}.Debug|Any CPU.ActiveCfg = Debug|Any CPU
		{2FA28D62-6109-4618-BCB0-C437E8A2791A}.Debug|Any CPU.Build.0 = Debug|Any CPU
		{2FA28D62-6109-4618-BCB0-C437E8A2791A}.Release|Any CPU.ActiveCfg = Release|Any CPU
		{2FA28D62-6109-4618-BCB0-C437E8A2791A}.Release|Any CPU.Build.0 = Release|Any CPU
	EndGlobalSection
	GlobalSection(SolutionProperties) = preSolution
		HideSolutionNode = FALSE
	EndGlobalSection
	GlobalSection(ExtensibilityGlobals) = postSolution
		SolutionGuid = {93CC24B6-AA94-433C-BAB4-941EFB3BA0C7}
	EndGlobalSection
EndGlobal
